
Microsoft Visual Studio Solution File, Format Version 11.00
# Visual Studio 2010
Project("{FAE04EC0-301F-11D3-BF4B-00C04F79EFBC}") = "Assembly-CSharp", "Assembly-CSharp.csproj", "{026a6854-4591-4bf8-4f05-1c23fbf57c2e}"
EndProject
Project("{FAE04EC0-301F-11D3-BF4B-00C04F79EFBC}") = "HsenlFramework.Editor", "HsenlFramework.Editor.csproj", "{c924e8b8-902c-25be-3567-5a171598d3dc}"
EndProject
Project("{FAE04EC0-301F-11D3-BF4B-00C04F79EFBC}") = "HsenlFramework.ThirdParty", "HsenlFramework.ThirdParty.csproj", "{bbdee1b6-40c7-a6a1-8912-cf02763f3b2f}"
EndProject
Project("{FAE04EC0-301F-11D3-BF4B-00C04F79EFBC}") = "HsenlFramework.Runtime", "HsenlFramework.Runtime.csproj", "{f5764236-a61d-7c04-b53f-c30691dc5077}"
EndProject
Project("{FAE04EC0-301F-11D3-BF4B-00C04F79EFBC}") = "ZString", "ZString.csproj", "{f575b688-bf9f-69ec-3b08-040e684d1253}"
EndProject
Project("{FAE04EC0-301F-11D3-BF4B-00C04F79EFBC}") = "UniTask", "UniTask.csproj", "{1a5e80ed-1dfc-1bbe-0073-a3a40e3aa983}"
EndProject
Project("{FAE04EC0-301F-11D3-BF4B-00C04F79EFBC}") = "UniTask.Linq", "UniTask.Linq.csproj", "{57d40b36-117d-3703-36e8-f7d82833f428}"
EndProject
Project("{FAE04EC0-301F-11D3-BF4B-00C04F79EFBC}") = "Assembly-CSharp-firstpass", "Assembly-CSharp-firstpass.csproj", "{6fd89f3b-93e4-9189-df19-9c66ce9896c2}"
EndProject
Project("{FAE04EC0-301F-11D3-BF4B-00C04F79EFBC}") = "UniTask.Addressables", "UniTask.Addressables.csproj", "{51abeb24-692d-29f6-232d-10ab78dff5b1}"
EndProject
Project("{FAE04EC0-301F-11D3-BF4B-00C04F79EFBC}") = "Assembly-CSharp-Editor-firstpass", "Assembly-CSharp-Editor-firstpass.csproj", "{7d580a1f-7d8e-9014-6f5b-745222d7d8a5}"
EndProject
Project("{FAE04EC0-301F-11D3-BF4B-00C04F79EFBC}") = "UniTask.TextMeshPro", "UniTask.TextMeshPro.csproj", "{52b321ca-9658-55c6-b205-b23ffe24e625}"
EndProject
Project("{FAE04EC0-301F-11D3-BF4B-00C04F79EFBC}") = "UniTask.DOTween", "UniTask.DOTween.csproj", "{1574b8f3-76ed-0a63-7f0b-a505f17215d7}"
EndProject
Project("{FAE04EC0-301F-11D3-BF4B-00C04F79EFBC}") = "UniTask.Editor", "UniTask.Editor.csproj", "{48912265-31d6-985d-9216-3dde1e879987}"
EndProject
Project("{FAE04EC0-301F-11D3-BF4B-00C04F79EFBC}") = "HsenlFramework.Entry", "HsenlFramework.Entry.csproj", "{cc0d1c75-8c23-0336-e40a-3804a8b52570}"
EndProject
Project("{FAE04EC0-301F-11D3-BF4B-00C04F79EFBC}") = "Sirenix.OdinInspector.Modules.UnityMathematics", "Sirenix.OdinInspector.Modules.UnityMathematics.csproj", "{f48e8a16-76a9-b4a5-20eb-f8d40398705b}"
EndProject
Global
	GlobalSection(SolutionConfigurationPlatforms) = preSolution
		Debug|Any CPU = Debug|Any CPU
	EndGlobalSection
	GlobalSection(ProjectConfigurationPlatforms) = postSolution
		{026a6854-4591-4bf8-4f05-1c23fbf57c2e}.Debug|Any CPU.ActiveCfg = Debug|Any CPU
		{026a6854-4591-4bf8-4f05-1c23fbf57c2e}.Debug|Any CPU.Build.0 = Debug|Any CPU
		{c924e8b8-902c-25be-3567-5a171598d3dc}.Debug|Any CPU.ActiveCfg = Debug|Any CPU
		{c924e8b8-902c-25be-3567-5a171598d3dc}.Debug|Any CPU.Build.0 = Debug|Any CPU
		{bbdee1b6-40c7-a6a1-8912-cf02763f3b2f}.Debug|Any CPU.ActiveCfg = Debug|Any CPU
		{bbdee1b6-40c7-a6a1-8912-cf02763f3b2f}.Debug|Any CPU.Build.0 = Debug|Any CPU
		{f5764236-a61d-7c04-b53f-c30691dc5077}.Debug|Any CPU.ActiveCfg = Debug|Any CPU
		{f5764236-a61d-7c04-b53f-c30691dc5077}.Debug|Any CPU.Build.0 = Debug|Any CPU
		{f575b688-bf9f-69ec-3b08-040e684d1253}.Debug|Any CPU.ActiveCfg = Debug|Any CPU
		{f575b688-bf9f-69ec-3b08-040e684d1253}.Debug|Any CPU.Build.0 = Debug|Any CPU
		{1a5e80ed-1dfc-1bbe-0073-a3a40e3aa983}.Debug|Any CPU.ActiveCfg = Debug|Any CPU
		{1a5e80ed-1dfc-1bbe-0073-a3a40e3aa983}.Debug|Any CPU.Build.0 = Debug|Any CPU
		{57d40b36-117d-3703-36e8-f7d82833f428}.Debug|Any CPU.ActiveCfg = Debug|Any CPU
		{57d40b36-117d-3703-36e8-f7d82833f428}.Debug|Any CPU.Build.0 = Debug|Any CPU
		{6fd89f3b-93e4-9189-df19-9c66ce9896c2}.Debug|Any CPU.ActiveCfg = Debug|Any CPU
		{6fd89f3b-93e4-9189-df19-9c66ce9896c2}.Debug|Any CPU.Build.0 = Debug|Any CPU
		{51abeb24-692d-29f6-232d-10ab78dff5b1}.Debug|Any CPU.ActiveCfg = Debug|Any CPU
		{51abeb24-692d-29f6-232d-10ab78dff5b1}.Debug|Any CPU.Build.0 = Debug|Any CPU
		{7d580a1f-7d8e-9014-6f5b-745222d7d8a5}.Debug|Any CPU.ActiveCfg = Debug|Any CPU
		{7d580a1f-7d8e-9014-6f5b-745222d7d8a5}.Debug|Any CPU.Build.0 = Debug|Any CPU
		{52b321ca-9658-55c6-b205-b23ffe24e625}.Debug|Any CPU.ActiveCfg = Debug|Any CPU
		{52b321ca-9658-55c6-b205-b23ffe24e625}.Debug|Any CPU.Build.0 = Debug|Any CPU
		{1574b8f3-76ed-0a63-7f0b-a505f17215d7}.Debug|Any CPU.ActiveCfg = Debug|Any CPU
		{1574b8f3-76ed-0a63-7f0b-a505f17215d7}.Debug|Any CPU.Build.0 = Debug|Any CPU
		{48912265-31d6-985d-9216-3dde1e879987}.Debug|Any CPU.ActiveCfg = Debug|Any CPU
		{48912265-31d6-985d-9216-3dde1e879987}.Debug|Any CPU.Build.0 = Debug|Any CPU
		{cc0d1c75-8c23-0336-e40a-3804a8b52570}.Debug|Any CPU.ActiveCfg = Debug|Any CPU
		{cc0d1c75-8c23-0336-e40a-3804a8b52570}.Debug|Any CPU.Build.0 = Debug|Any CPU
		{f48e8a16-76a9-b4a5-20eb-f8d40398705b}.Debug|Any CPU.ActiveCfg = Debug|Any CPU
		{f48e8a16-76a9-b4a5-20eb-f8d40398705b}.Debug|Any CPU.Build.0 = Debug|Any CPU
	EndGlobalSection
	GlobalSection(SolutionProperties) = preSolution
		HideSolutionNode = FALSE
	EndGlobalSection
EndGlobal
