
Microsoft Visual Studio Solution File, Format Version 12.00
Project("{FAE04EC0-301F-11D3-BF4B-00C04F79EFBC}") = "Launch", "Launch\Launch.csproj", "{9FFB2058-A4E5-4A04-87C3-F680D4C0AF45}"
EndProject
Project("{FAE04EC0-301F-11D3-BF4B-00C04F79EFBC}") = "Runtime", "Runtime\Runtime.csproj", "{157BE372-800F-4E49-8053-276B997CD914}"
EndProject
Project("{FAE04EC0-301F-11D3-BF4B-00C04F79EFBC}") = "ThirdParty", "ThirdParty\ThirdParty.csproj", "{7EC27FBC-78A2-40E8-A4C5-6F899A30AE94}"
EndProject
Project("{FAE04EC0-301F-11D3-BF4B-00C04F79EFBC}") = "Network.Common", "Network.Common\Network.Common.csproj", "{E2212207-F957-474F-A63C-7F3B6DC9AECA}"
EndProject
Project("{FAE04EC0-301F-11D3-BF4B-00C04F79EFBC}") = "Network.Server", "Network.Server\Network.Server.csproj", "{AFFB043D-454F-47A5-99A8-246644EFFB48}"
EndProject
Project("{FAE04EC0-301F-11D3-BF4B-00C04F79EFBC}") = "Network.Client", "Network.Client\Network.Client.csproj", "{55454D7D-5B4D-4412-A707-525669A4992D}"
EndProject
Project("{FAE04EC0-301F-11D3-BF4B-00C04F79EFBC}") = "Server.Model", "Server.Model\Server.Model.csproj", "{DB9C18C9-564B-4C97-84A9-34A232D0A277}"
EndProject
Project("{FAE04EC0-301F-11D3-BF4B-00C04F79EFBC}") = "Server.HotReload", "Server.HotReload\Server.HotReload.csproj", "{3FD554ED-EE23-42A7-9EF3-7DBDF7098E32}"
EndProject
Project("{FAE04EC0-301F-11D3-BF4B-00C04F79EFBC}") = "MemoryPack.Generator", "MemoryPack.Generator\MemoryPack.Generator.csproj", "{7C6C102A-8B44-46BC-8F69-AB52D1A08B9A}"
EndProject
Project("{2150E333-8FDC-42A3-9474-1A3956D46DE8}") = "Server", "Server", "{E9A12015-7273-4F84-A9AC-51A257AB82A7}"
EndProject
Project("{2150E333-8FDC-42A3-9474-1A3956D46DE8}") = "Hsenl", "Hsenl", "{3C8FE282-B27C-4437-82C3-A2F3F87549B2}"
EndProject
Global
	GlobalSection(SolutionConfigurationPlatforms) = preSolution
		Debug|Any CPU = Debug|Any CPU
		Release|Any CPU = Release|Any CPU
	EndGlobalSection
	GlobalSection(ProjectConfigurationPlatforms) = postSolution
		{9FFB2058-A4E5-4A04-87C3-F680D4C0AF45}.Debug|Any CPU.ActiveCfg = Debug|Any CPU
		{9FFB2058-A4E5-4A04-87C3-F680D4C0AF45}.Debug|Any CPU.Build.0 = Debug|Any CPU
		{9FFB2058-A4E5-4A04-87C3-F680D4C0AF45}.Release|Any CPU.ActiveCfg = Release|Any CPU
		{9FFB2058-A4E5-4A04-87C3-F680D4C0AF45}.Release|Any CPU.Build.0 = Release|Any CPU
		{157BE372-800F-4E49-8053-276B997CD914}.Debug|Any CPU.ActiveCfg = Debug|Any CPU
		{157BE372-800F-4E49-8053-276B997CD914}.Debug|Any CPU.Build.0 = Debug|Any CPU
		{157BE372-800F-4E49-8053-276B997CD914}.Release|Any CPU.ActiveCfg = Release|Any CPU
		{157BE372-800F-4E49-8053-276B997CD914}.Release|Any CPU.Build.0 = Release|Any CPU
		{7EC27FBC-78A2-40E8-A4C5-6F899A30AE94}.Debug|Any CPU.ActiveCfg = Debug|Any CPU
		{7EC27FBC-78A2-40E8-A4C5-6F899A30AE94}.Debug|Any CPU.Build.0 = Debug|Any CPU
		{7EC27FBC-78A2-40E8-A4C5-6F899A30AE94}.Release|Any CPU.ActiveCfg = Release|Any CPU
		{7EC27FBC-78A2-40E8-A4C5-6F899A30AE94}.Release|Any CPU.Build.0 = Release|Any CPU
		{E2212207-F957-474F-A63C-7F3B6DC9AECA}.Debug|Any CPU.ActiveCfg = Debug|Any CPU
		{E2212207-F957-474F-A63C-7F3B6DC9AECA}.Debug|Any CPU.Build.0 = Debug|Any CPU
		{E2212207-F957-474F-A63C-7F3B6DC9AECA}.Release|Any CPU.ActiveCfg = Release|Any CPU
		{E2212207-F957-474F-A63C-7F3B6DC9AECA}.Release|Any CPU.Build.0 = Release|Any CPU
		{AFFB043D-454F-47A5-99A8-246644EFFB48}.Debug|Any CPU.ActiveCfg = Debug|Any CPU
		{AFFB043D-454F-47A5-99A8-246644EFFB48}.Debug|Any CPU.Build.0 = Debug|Any CPU
		{AFFB043D-454F-47A5-99A8-246644EFFB48}.Release|Any CPU.ActiveCfg = Release|Any CPU
		{AFFB043D-454F-47A5-99A8-246644EFFB48}.Release|Any CPU.Build.0 = Release|Any CPU
		{55454D7D-5B4D-4412-A707-525669A4992D}.Debug|Any CPU.ActiveCfg = Debug|Any CPU
		{55454D7D-5B4D-4412-A707-525669A4992D}.Debug|Any CPU.Build.0 = Debug|Any CPU
		{55454D7D-5B4D-4412-A707-525669A4992D}.Release|Any CPU.ActiveCfg = Release|Any CPU
		{55454D7D-5B4D-4412-A707-525669A4992D}.Release|Any CPU.Build.0 = Release|Any CPU
		{DB9C18C9-564B-4C97-84A9-34A232D0A277}.Debug|Any CPU.ActiveCfg = Debug|Any CPU
		{DB9C18C9-564B-4C97-84A9-34A232D0A277}.Debug|Any CPU.Build.0 = Debug|Any CPU
		{DB9C18C9-564B-4C97-84A9-34A232D0A277}.Release|Any CPU.ActiveCfg = Release|Any CPU
		{DB9C18C9-564B-4C97-84A9-34A232D0A277}.Release|Any CPU.Build.0 = Release|Any CPU
		{3FD554ED-EE23-42A7-9EF3-7DBDF7098E32}.Debug|Any CPU.ActiveCfg = Debug|Any CPU
		{3FD554ED-EE23-42A7-9EF3-7DBDF7098E32}.Debug|Any CPU.Build.0 = Debug|Any CPU
		{3FD554ED-EE23-42A7-9EF3-7DBDF7098E32}.Release|Any CPU.ActiveCfg = Release|Any CPU
		{3FD554ED-EE23-42A7-9EF3-7DBDF7098E32}.Release|Any CPU.Build.0 = Release|Any CPU
		{7C6C102A-8B44-46BC-8F69-AB52D1A08B9A}.Debug|Any CPU.ActiveCfg = Debug|Any CPU
		{7C6C102A-8B44-46BC-8F69-AB52D1A08B9A}.Debug|Any CPU.Build.0 = Debug|Any CPU
		{7C6C102A-8B44-46BC-8F69-AB52D1A08B9A}.Release|Any CPU.ActiveCfg = Release|Any CPU
		{7C6C102A-8B44-46BC-8F69-AB52D1A08B9A}.Release|Any CPU.Build.0 = Release|Any CPU
	EndGlobalSection
	GlobalSection(NestedProjects) = preSolution
		{3FD554ED-EE23-42A7-9EF3-7DBDF7098E32} = {E9A12015-7273-4F84-A9AC-51A257AB82A7}
		{DB9C18C9-564B-4C97-84A9-34A232D0A277} = {E9A12015-7273-4F84-A9AC-51A257AB82A7}
		{9FFB2058-A4E5-4A04-87C3-F680D4C0AF45} = {E9A12015-7273-4F84-A9AC-51A257AB82A7}
		{7C6C102A-8B44-46BC-8F69-AB52D1A08B9A} = {3C8FE282-B27C-4437-82C3-A2F3F87549B2}
		{55454D7D-5B4D-4412-A707-525669A4992D} = {3C8FE282-B27C-4437-82C3-A2F3F87549B2}
		{E2212207-F957-474F-A63C-7F3B6DC9AECA} = {3C8FE282-B27C-4437-82C3-A2F3F87549B2}
		{AFFB043D-454F-47A5-99A8-246644EFFB48} = {3C8FE282-B27C-4437-82C3-A2F3F87549B2}
		{157BE372-800F-4E49-8053-276B997CD914} = {3C8FE282-B27C-4437-82C3-A2F3F87549B2}
		{7EC27FBC-78A2-40E8-A4C5-6F899A30AE94} = {3C8FE282-B27C-4437-82C3-A2F3F87549B2}
	EndGlobalSection
EndGlobal
